# @generated - this file is auto-generated by `mise lock` https://mise.en.dev/dev-tools/mise-lock.html

[[tools."aqua:docker/cli"]]
version = "28.3.1"
backend = "aqua:docker/cli"

[[tools.bun]]
version = "1.3.13"
backend = "core:bun"

[[tools.direnv]]
version = "2.37.0"
backend = "aqua:direnv/direnv"

[[tools.fzf]]
version = "0.63.0"
backend = "aqua:junegunn/fzf"

[[tools.ghq]]
version = "1.8.0"
backend = "aqua:x-motemen/ghq"

[[tools.github-cli]]
version = "2.74.2"
backend = "aqua:cli/cli"

[[tools.go]]
version = "1.26.3"
backend = "core:go"

[[tools.neovim]]
version = "0.11.2"
backend = "vfox:mise-plugins/vfox-neovim"

[[tools.node]]
version = "22.20.0"
backend = "core:node"

[[tools.python]]
version = "3.12.12"
backend = "core:python"

[[tools.ruby]]
version = "3.2.9"
backend = "core:ruby"

[[tools.tmux]]
version = "3.5a"
backend = "asdf:tmux"

[[tools.typos]]
version = "1.39.2"
backend = "aqua:crate-ci/typos"

[[tools."ubi:rossmacarthur/sheldon"]]
version = "0.8.3"
backend = "ubi:rossmacarthur/sheldon"

[tools."ubi:rossmacarthur/sheldon".options]
matching = "musl"

[[tools.uv]]
version = "0.9.5"
backend = "aqua:astral-sh/uv"
